
Microsoft Visual Studio Solution File, Format Version 12.00
# Visual Studio 15
VisualStudioVersion = 15.0.28307.329
MinimumVisualStudioVersion = 10.0.40219.1
Project("{FAE04EC0-301F-11D3-BF4B-00C04F79EFBC}") = "React_Onboarding_Project", "React_Onboarding_Project\React_Onboarding_Project.csproj", "{4E8AFBB9-2267-4374-8EC7-7973BED52294}"
EndProject
Global
	GlobalSection(SolutionConfigurationPlatforms) = preSolution
		Debug|Any CPU = Debug|Any CPU
		Release|Any CPU = Release|Any CPU
	EndGlobalSection
	GlobalSection(ProjectConfigurationPlatforms) = postSolution
		{4E8AFBB9-2267-4374-8EC7-7973BED52294}.Debug|Any CPU.ActiveCfg = Debug|Any CPU
		{4E8AFBB9-2267-4374-8EC7-7973BED52294}.Debug|Any CPU.Build.0 = Debug|Any CPU
		{4E8AFBB9-2267-4374-8EC7-7973BED52294}.Release|Any CPU.ActiveCfg = Release|Any CPU
		{4E8AFBB9-2267-4374-8EC7-7973BED52294}.Release|Any CPU.Build.0 = Release|Any CPU
	EndGlobalSection
	GlobalSection(SolutionProperties) = preSolution
		HideSolutionNode = FALSE
	EndGlobalSection
	GlobalSection(ExtensibilityGlobals) = postSolution
		SolutionGuid = {3A95BCAA-62AA-48C5-BE18-ABCB650949C4}
	EndGlobalSection
EndGlobal
